{
  "name": "@mrsf/plugin-shared",
  "version": "0.1.0",
  "lockfileVersion": 3,
  "requires": true,
  "packages": {
    "": {
      "name": "@mrsf/plugin-shared",
      "version": "0.1.0",
      "dependencies": {
        "@mrsf/cli": "file:../../cli"
      },
      "devDependencies": {
        "typescript": "^5.8.2"
      }
    },
    "../../cli": {
      "name": "@mrsf/cli",
      "version": "0.3.0",
      "license": "MIT",
      "dependencies": {
        "ajv": "^8.17.1",
        "ajv-formats": "^3.0.1",
        "chalk": "^5.4.1",
        "chokidar": "^4.0.3",
        "commander": "^13.1.0",
        "fastest-levenshtein": "^1.0.16",
        "js-yaml": "^4.1.0",
        "uuid": "^11.1.0",
        "yaml": "^2.8.2"
      },
      "bin": {
        "mrsf": "dist/bin.js"
      },
      "devDependencies": {
        "@types/js-yaml": "^4.0.9",
        "@types/node": "^22.13.10",
        "@types/uuid": "^10.0.0",
        "typescript": "^5.8.2",
        "vitest": "^3.0.9"
      },
      "engines": {
        "node": ">=18"
      }
    },
    "node_modules/@mrsf/cli": {
      "resolved": "../../cli",
      "link": true
    },
    "node_modules/typescript": {
      "version": "5.9.3",
      "resolved": "https://registry.npmjs.org/typescript/-/typescript-5.9.3.tgz",
      "integrity": "sha512-jl1vZzPDinLr9eUt3J/t7V6FgNEw9QjvBPdysz9KfQDD41fQrC2Y4vKQdiaUpFT4bXlb1RHhLpp8wtm6M5TgSw==",
      "dev": true,
      "license": "Apache-2.0",
      "bin": {
        "tsc": "bin/tsc",
        "tsserver": "bin/tsserver"
      },
      "engines": {
        "node": ">=14.17"
      }
    }
  }
}
